
Microsoft Visual Studio Solution File, Format Version 12.00
# Visual Studio Version 16
VisualStudioVersion = 16.0.31005.135
MinimumVisualStudioVersion = 10.0.40219.1
Project("{FAE04EC0-301F-11D3-BF4B-00C04F79EFBC}") = "SampleAPI", "SampleAPI.csproj", "{0CF47603-2F07-4F99-877F-65FF48D857EF}"
EndProject
Global
	GlobalSection(SolutionConfigurationPlatforms) = preSolution
		Debug|Any CPU = Debug|Any CPU
		Release|Any CPU = Release|Any CPU
	EndGlobalSection
	GlobalSection(ProjectConfigurationPlatforms) = postSolution
		{0CF47603-2F07-4F99-877F-65FF48D857EF}.Debug|Any CPU.ActiveCfg = Debug|Any CPU
		{0CF47603-2F07-4F99-877F-65FF48D857EF}.Debug|Any CPU.Build.0 = Debug|Any CPU
		{0CF47603-2F07-4F99-877F-65FF48D857EF}.Release|Any CPU.ActiveCfg = Release|Any CPU
		{0CF47603-2F07-4F99-877F-65FF48D857EF}.Release|Any CPU.Build.0 = Release|Any CPU
	EndGlobalSection
	GlobalSection(SolutionProperties) = preSolution
		HideSolutionNode = FALSE
	EndGlobalSection
	GlobalSection(ExtensibilityGlobals) = postSolution
		SolutionGuid = {41E6AC9F-EAE3-4D4F-AE12-B20BA49AC123}
	EndGlobalSection
EndGlobal
